// !$*UTF8*$!
{
	archiveVersion = 1;
	classes = {
	};
	objectVersion = 46;
	objects = {

/* Begin PBXBuildFile section */
		4DE28B701D815C9500B8619B /* AppDelegate.swift in Sources */ = {isa = PBXBuildFile; fileRef = 4DE28B6F1D815C9500B8619B /* AppDelegate.swift */; };
		4DE28B751D815C9500B8619B /* Main.storyboard in Resources */ = {isa = PBXBuildFile; fileRef = 4DE28B731D815C9500B8619B /* Main.storyboard */; };
		4DE28B771D815C9500B8619B /* Assets.xcassets in Resources */ = {isa = PBXBuildFile; fileRef = 4DE28B761D815C9500B8619B /* Assets.xcassets */; };
		4DE28B7A1D815C9500B8619B /* LaunchScreen.storyboard in Resources */ = {isa = PBXBuildFile; fileRef = 4DE28B781D815C9500B8619B /* LaunchScreen.storyboard */; };
		4DE28B821D81621F00B8619B /* RecordingViewController.swift in Sources */ = {isa = PBXBuildFile; fileRef = 4DE28B811D81621F00B8619B /* RecordingViewController.swift */; };
		4DE28B841D81702600B8619B /* PlaySoundsViewController.swift in Sources */ = {isa = PBXBuildFile; fileRef = 4DE28B831D81702600B8619B /* PlaySoundsViewController.swift */; };
		4DE28B861D817F3200B8619B /* PlaySoundsViewController+Audio.swift in Sources */ = {isa = PBXBuildFile; fileRef = 4DE28B851D817F3200B8619B /* PlaySoundsViewController+Audio.swift */; };
/* End PBXBuildFile section */

/* Begin PBXFileReference section */
		4DE28B6C1D815C9500B8619B /* Larynx Tweaker.app */ = {isa = PBXFileReference; explicitFileType = wrapper.application; includeInIndex = 0; path = "Larynx Tweaker.app"; sourceTree = BUILT_PRODUCTS_DIR; };
		4DE28B6F1D815C9500B8619B /* AppDelegate.swift */ = {isa = PBXFileReference; lastKnownFileType = sourcecode.swift; path = AppDelegate.swift; sourceTree = "<group>"; };
		4DE28B741D815C9500B8619B /* Base */ = {isa = PBXFileReference; lastKnownFileType = file.storyboard; name = Base; path = Base.lproj/Main.storyboard; sourceTree = "<group>"; };
		4DE28B761D815C9500B8619B /* Assets.xcassets */ = {isa = PBXFileReference; lastKnownFileType = folder.assetcatalog; path = Assets.xcassets; sourceTree = "<group>"; };
		4DE28B791D815C9500B8619B /* Base */ = {isa = PBXFileReference; lastKnownFileType = file.storyboard; name = Base; path = Base.lproj/LaunchScreen.storyboard; sourceTree = "<group>"; };
		4DE28B7B1D815C9500B8619B /* Info.plist */ = {isa = PBXFileReference; lastKnownFileType = text.plist.xml; path = Info.plist; sourceTree = "<group>"; };
		4DE28B811D81621F00B8619B /* RecordingViewController.swift */ = {isa = PBXFileReference; fileEncoding = 4; lastKnownFileType = sourcecode.swift; path = RecordingViewController.swift; sourceTree = "<group>"; };
		4DE28B831D81702600B8619B /* PlaySoundsViewController.swift */ = {isa = PBXFileReference; fileEncoding = 4; lastKnownFileType = sourcecode.swift; path = PlaySoundsViewController.swift; sourceTree = "<group>"; };
		4DE28B851D817F3200B8619B /* PlaySoundsViewController+Audio.swift */ = {isa = PBXFileReference; fileEncoding = 4; lastKnownFileType = sourcecode.swift; path = "PlaySoundsViewController+Audio.swift"; sourceTree = "<group>"; };
/* End PBXFileReference section */

/* Begin PBXFrameworksBuildPhase section */
		4DE28B691D815C9500B8619B /* Frameworks */ = {
			isa = PBXFrameworksBuildPhase;
			buildActionMask = 2147483647;
			files = (
			);
			runOnlyForDeploymentPostprocessing = 0;
		};
/* End PBXFrameworksBuildPhase section */

/* Begin PBXGroup section */
		4DE28B631D815C9500B8619B = {
			isa = PBXGroup;
			children = (
				4DE28B6E1D815C9500B8619B /* Larynx Tweaker */,
				4DE28B6D1D815C9500B8619B /* Products */,
			);
			sourceTree = "<group>";
		};
		4DE28B6D1D815C9500B8619B /* Products */ = {
			isa = PBXGroup;
			children = (
				4DE28B6C1D815C9500B8619B /* Larynx Tweaker.app */,
			);
			name = Products;
			sourceTree = "<group>";
		};
		4DE28B6E1D815C9500B8619B /* Larynx Tweaker */ = {
			isa = PBXGroup;
			children = (
				4DE28B6F1D815C9500B8619B /* AppDelegate.swift */,
				4DE28B731D815C9500B8619B /* Main.storyboard */,
				4DE28B811D81621F00B8619B /* RecordingViewController.swift */,
				4DE28B851D817F3200B8619B /* PlaySoundsViewController+Audio.swift */,
				4DE28B831D81702600B8619B /* PlaySoundsViewController.swift */,
				4DE28B761D815C9500B8619B /* Assets.xcassets */,
				4DE28B781D815C9500B8619B /* LaunchScreen.storyboard */,
				4DE28B7B1D815C9500B8619B /* Info.plist */,
			);
			path = "Larynx Tweaker";
			sourceTree = "<group>";
		};
/* End PBXGroup section */

/* Begin PBXNativeTarget section */
		4DE28B6B1D815C9500B8619B /* Larynx Tweaker */ = {
			isa = PBXNativeTarget;
			buildConfigurationList = 4DE28B7E1D815C9500B8619B /* Build configuration list for PBXNativeTarget "Larynx Tweaker" */;
			buildPhases = (
				4DE28B681D815C9500B8619B /* Sources */,
				4DE28B691D815C9500B8619B /* Frameworks */,
				4DE28B6A1D815C9500B8619B /* Resources */,
			);
			buildRules = (
			);
			dependencies = (
			);
			name = "Larynx Tweaker";
			productName = "Larynx Tweaker";
			productReference = 4DE28B6C1D815C9500B8619B /* Larynx Tweaker.app */;
			productType = "com.apple.product-type.application";
		};
/* End PBXNativeTarget section */

/* Begin PBXProject section */
		4DE28B641D815C9500B8619B /* Project object */ = {
			isa = PBXProject;
			attributes = {
				LastSwiftUpdateCheck = 0730;
				LastUpgradeCheck = 0730;
				ORGANIZATIONNAME = thePsguy;
				TargetAttributes = {
					4DE28B6B1D815C9500B8619B = {
						CreatedOnToolsVersion = 7.3.1;
						DevelopmentTeam = V6JUB3D3PN;
					};
				};
			};
			buildConfigurationList = 4DE28B671D815C9500B8619B /* Build configuration list for PBXProject "Larynx Tweaker" */;
			compatibilityVersion = "Xcode 3.2";
			developmentRegion = English;
			hasScannedForEncodings = 0;
			knownRegions = (
				en,
				Base,
			);
			mainGroup = 4DE28B631D815C9500B8619B;
			productRefGroup = 4DE28B6D1D815C9500B8619B /* Products */;
			projectDirPath = "";
			projectRoot = "";
			targets = (
				4DE28B6B1D815C9500B8619B /* Larynx Tweaker */,
			);
		};
/* End PBXProject section */

/* Begin PBXResourcesBuildPhase section */
		4DE28B6A1D815C9500B8619B /* Resources */ = {
			isa = PBXResourcesBuildPhase;
			buildActionMask = 2147483647;
			files = (
				4DE28B7A1D815C9500B8619B /* LaunchScreen.storyboard in Resources */,
				4DE28B771D815C9500B8619B /* Assets.xcassets in Resources */,
				4DE28B751D815C9500B8619B /* Main.storyboard in Resources */,
			);
			runOnlyForDeploymentPostprocessing = 0;
		};
/* End PBXResourcesBuildPhase section */

/* Begin PBXSourcesBuildPhase section */
		4DE28B681D815C9500B8619B /* Sources */ = {
			isa = PBXSourcesBuildPhase;
			buildActionMask = 2147483647;
			files = (
				4DE28B821D81621F00B8619B /* RecordingViewController.swift in Sources */,
				4DE28B861D817F3200B8619B /* PlaySoundsViewController+Audio.swift in Sources */,
				4DE28B841D81702600B8619B /* PlaySoundsViewController.swift in Sources */,
				4DE28B701D815C9500B8619B /* AppDelegate.swift in Sources */,
			);
			runOnlyForDeploymentPostprocessing = 0;
		};
/* End PBXSourcesBuildPhase section */

/* Begin PBXVariantGroup section */
		4DE28B731D815C9500B8619B /* Main.storyboard */ = {
			isa = PBXVariantGroup;
			children = (
				4DE28B741D815C9500B8619B /* Base */,
			);
			name = Main.storyboard;
			sourceTree = "<group>";
		};
		4DE28B781D815C9500B8619B /* LaunchScreen.storyboard */ = {
			isa = PBXVariantGroup;
			children = (
				4DE28B791D815C9500B8619B /* Base */,
			);
			name = LaunchScreen.storyboard;
			sourceTree = "<group>";
		};
/* End PBXVariantGroup section */

/* Begin XCBuildConfiguration section */
		4DE28B7C1D815C9500B8619B /* Debug */ = {
			isa = XCBuildConfiguration;
			buildSettings = {
				ALWAYS_SEARCH_USER_PATHS = NO;
				CLANG_ANALYZER_NONNULL = YES;
				CLANG_CXX_LANGUAGE_STANDARD = "gnu++0x";
				CLANG_CXX_LIBRARY = "libc++";
				CLANG_ENABLE_MODULES = YES;
				CLANG_ENABLE_OBJC_ARC = YES;
				CLANG_WARN_BOOL_CONVERSION = YES;
				CLANG_WARN_CONSTANT_CONVERSION = YES;
				CLANG_WARN_DIRECT_OBJC_ISA_USAGE = YES_ERROR;
				CLANG_WARN_EMPTY_BODY = YES;
				CLANG_WARN_ENUM_CONVERSION = YES;
				CLANG_WARN_INT_CONVERSION = YES;
				CLANG_WARN_OBJC_ROOT_CLASS = YES_ERROR;
				CLANG_WARN_UNREACHABLE_CODE = YES;
				CLANG_WARN__DUPLICATE_METHOD_MATCH = YES;
				"CODE_SIGN_IDENTITY[sdk=iphoneos*]" = "iPhone Developer";
				COPY_PHASE_STRIP = NO;
				DEBUG_INFORMATION_FORMAT = dwarf;
				ENABLE_STRICT_OBJC_MSGSEND = YES;
				ENABLE_TESTABILITY = YES;
				GCC_C_LANGUAGE_STANDARD = gnu99;
				GCC_DYNAMIC_NO_PIC = NO;
				GCC_NO_COMMON_BLOCKS = YES;
				GCC_OPTIMIZATION_LEVEL = 0;
				GCC_PREPROCESSOR_DEFINITIONS = (
					"DEBUG=1",
					"$(inherited)",
				);
				GCC_WARN_64_TO_32_BIT_CONVERSION = YES;
				GCC_WARN_ABOUT_RETURN_TYPE = YES_ERROR;
				GCC_WARN_UNDECLARED_SELECTOR = YES;
				GCC_WARN_UNINITIALIZED_AUTOS = YES_AGGRESSIVE;
				GCC_WARN_UNUSED_FUNCTION = YES;
				GCC_WARN_UNUSED_VARIABLE = YES;
				IPHONEOS_DEPLOYMENT_TARGET = 9.3;
				MTL_ENABLE_DEBUG_INFO = YES;
				ONLY_ACTIVE_ARCH = YES;
				SDKROOT = iphoneos;
				SWIFT_OPTIMIZATION_LEVEL = "-Onone";
			};
			name = Debug;
		};
		4DE28B7D1D815C9500B8619B /* Release */ = {
			isa = XCBuildConfiguration;
			buildSettings = {
				ALWAYS_SEARCH_USER_PATHS = NO;
				CLANG_ANALYZER_NONNULL = YES;
				CLANG_CXX_LANGUAGE_STANDARD = "gnu++0x";
				CLANG_CXX_LIBRARY = "libc++";
				CLANG_ENABLE_MODULES = YES;
				CLANG_ENABLE_OBJC_ARC = YES;
				CLANG_WARN_BOOL_CONVERSION = YES;
				CLANG_WARN_CONSTANT_CONVERSION = YES;
				CLANG_WARN_DIRECT_OBJC_ISA_USAGE = YES_ERROR;
				CLANG_WARN_EMPTY_BODY = YES;
				CLANG_WARN_ENUM_CONVERSION = YES;
				CLANG_WARN_INT_CONVERSION = YES;
				CLANG_WARN_OBJC_ROOT_CLASS = YES_ERROR;
				CLANG_WARN_UNREACHABLE_CODE = YES;
				CLANG_WARN__DUPLICATE_METHOD_MATCH = YES;
				"CODE_SIGN_IDENTITY[sdk=iphoneos*]" = "iPhone Developer";
				COPY_PHASE_STRIP = NO;
				DEBUG_INFORMATION_FORMAT = "dwarf-with-dsym";
				ENABLE_NS_ASSERTIONS = NO;
				ENABLE_STRICT_OBJC_MSGSEND = YES;
				GCC_C_LANGUAGE_STANDARD = gnu99;
				GCC_NO_COMMON_BLOCKS = YES;
				GCC_WARN_64_TO_32_BIT_CONVERSION = YES;
				GCC_WARN_ABOUT_RETURN_TYPE = YES_ERROR;
				GCC_WARN_UNDECLARED_SELECTOR = YES;
				GCC_WARN_UNINITIALIZED_AUTOS = YES_AGGRESSIVE;
				GCC_WARN_UNUSED_FUNCTION = YES;
				GCC_WARN_UNUSED_VARIABLE = YES;
				IPHONEOS_DEPLOYMENT_TARGET = 9.3;
				MTL_ENABLE_DEBUG_INFO = NO;
				SDKROOT = iphoneos;
				VALIDATE_PRODUCT = YES;
			};
			name = Release;
		};
		4DE28B7F1D815C9500B8619B /* Debug */ = {
			isa = XCBuildConfiguration;
			buildSettings = {
				ASSETCATALOG_COMPILER_APPICON_NAME = AppIcon;
				INFOPLIST_FILE = "Larynx Tweaker/Info.plist";
				LD_RUNPATH_SEARCH_PATHS = "$(inherited) @executable_path/Frameworks";
				PRODUCT_BUNDLE_IDENTIFIER = "net.thePsguy.Larynx-Tweaker";
				PRODUCT_NAME = "$(TARGET_NAME)";
			};
			name = Debug;
		};
		4DE28B801D815C9500B8619B /* Release */ = {
			isa = XCBuildConfiguration;
			buildSettings = {
				ASSETCATALOG_COMPILER_APPICON_NAME = AppIcon;
				INFOPLIST_FILE = "Larynx Tweaker/Info.plist";
				LD_RUNPATH_SEARCH_PATHS = "$(inherited) @executable_path/Frameworks";
				PRODUCT_BUNDLE_IDENTIFIER = "net.thePsguy.Larynx-Tweaker";
				PRODUCT_NAME = "$(TARGET_NAME)";
			};
			name = Release;
		};
/* End XCBuildConfiguration section */

/* Begin XCConfigurationList section */
		4DE28B671D815C9500B8619B /* Build configuration list for PBXProject "Larynx Tweaker" */ = {
			isa = XCConfigurationList;
			buildConfigurations = (
				4DE28B7C1D815C9500B8619B /* Debug */,
				4DE28B7D1D815C9500B8619B /* Release */,
			);
			defaultConfigurationIsVisible = 0;
			defaultConfigurationName = Release;
		};
		4DE28B7E1D815C9500B8619B /* Build configuration list for PBXNativeTarget "Larynx Tweaker" */ = {
			isa = XCConfigurationList;
			buildConfigurations = (
				4DE28B7F1D815C9500B8619B /* Debug */,
				4DE28B801D815C9500B8619B /* Release */,
			);
			defaultConfigurationIsVisible = 0;
		};
/* End XCConfigurationList section */
	};
	rootObject = 4DE28B641D815C9500B8619B /* Project object */;
}
